// !$*UTF8*$!
{
	archiveVersion = 1;
	classes = {
	};
	objectVersion = 46;
	objects = {

/* Begin PBXBuildFile section */
		6C2560AD1BD6B0CF00E38323 /* ASTestVC.m in Sources */ = {isa = PBXBuildFile; fileRef = 6C2560AC1BD6B0CF00E38323 /* ASTestVC.m */; };
		6C81C6731BD6D5AB00E4FE40 /* ASDetailNameAndPrice.m in Sources */ = {isa = PBXBuildFile; fileRef = 6C81C6721BD6D5AB00E4FE40 /* ASDetailNameAndPrice.m */; };
		6C81C6761BD6D7E000E4FE40 /* ASDetailDescription.m in Sources */ = {isa = PBXBuildFile; fileRef = 6C81C6751BD6D7E000E4FE40 /* ASDetailDescription.m */; };
		6C81C67B1BD6DC0E00E4FE40 /* ASDetailPageCell.m in Sources */ = {isa = PBXBuildFile; fileRef = 6C81C67A1BD6DC0E00E4FE40 /* ASDetailPageCell.m */; };
		6CA2F1751BD507090022F26B /* main.m in Sources */ = {isa = PBXBuildFile; fileRef = 6CA2F1741BD507090022F26B /* main.m */; };
		6CA2F1781BD507090022F26B /* AppDelegate.m in Sources */ = {isa = PBXBuildFile; fileRef = 6CA2F1771BD507090022F26B /* AppDelegate.m */; };
		6CA2F17B1BD507090022F26B /* ExampleCodeFromTT.xcdatamodeld in Sources */ = {isa = PBXBuildFile; fileRef = 6CA2F1791BD507090022F26B /* ExampleCodeFromTT.xcdatamodeld */; };
		6CA2F1811BD507090022F26B /* Main.storyboard in Resources */ = {isa = PBXBuildFile; fileRef = 6CA2F17F1BD507090022F26B /* Main.storyboard */; };
		6CA2F1831BD507090022F26B /* Images.xcassets in Resources */ = {isa = PBXBuildFile; fileRef = 6CA2F1821BD507090022F26B /* Images.xcassets */; };
		6CA2F1861BD507090022F26B /* LaunchScreen.xib in Resources */ = {isa = PBXBuildFile; fileRef = 6CA2F1841BD507090022F26B /* LaunchScreen.xib */; };
		6CA2F1921BD507090022F26B /* ExampleCodeFromTTTests.m in Sources */ = {isa = PBXBuildFile; fileRef = 6CA2F1911BD507090022F26B /* ExampleCodeFromTTTests.m */; };
		6CA2F19C1BD5076A0022F26B /* dataList.plist in Resources */ = {isa = PBXBuildFile; fileRef = 6CA2F19B1BD5076A0022F26B /* dataList.plist */; };
		6CA2F1A01BD50B210022F26B /* ASProduct.m in Sources */ = {isa = PBXBuildFile; fileRef = 6CA2F19F1BD50B210022F26B /* ASProduct.m */; };
		6CA2F1A31BD529780022F26B /* ASBuyProductTVC.m in Sources */ = {isa = PBXBuildFile; fileRef = 6CA2F1A21BD529780022F26B /* ASBuyProductTVC.m */; };
		6CA2F1A61BD54ACA0022F26B /* ASBuyProductCell.m in Sources */ = {isa = PBXBuildFile; fileRef = 6CA2F1A51BD54ACA0022F26B /* ASBuyProductCell.m */; };
		6CA2F1AB1BD584EA0022F26B /* ASDetailProductTVC.m in Sources */ = {isa = PBXBuildFile; fileRef = 6CA2F1AA1BD584EA0022F26B /* ASDetailProductTVC.m */; };
/* End PBXBuildFile section */

/* Begin PBXContainerItemProxy section */
		6CA2F18C1BD507090022F26B /* PBXContainerItemProxy */ = {
			isa = PBXContainerItemProxy;
			containerPortal = 6CA2F1671BD507090022F26B /* Project object */;
			proxyType = 1;
			remoteGlobalIDString = 6CA2F16E1BD507090022F26B;
			remoteInfo = ExampleCodeFromTT;
		};
/* End PBXContainerItemProxy section */

/* Begin PBXFileReference section */
		6C2560AB1BD6B0CF00E38323 /* ASTestVC.h */ = {isa = PBXFileReference; fileEncoding = 4; lastKnownFileType = sourcecode.c.h; path = ASTestVC.h; sourceTree = "<group>"; };
		6C2560AC1BD6B0CF00E38323 /* ASTestVC.m */ = {isa = PBXFileReference; fileEncoding = 4; lastKnownFileType = sourcecode.c.objc; path = ASTestVC.m; sourceTree = "<group>"; };
		6C81C6711BD6D5AB00E4FE40 /* ASDetailNameAndPrice.h */ = {isa = PBXFileReference; fileEncoding = 4; lastKnownFileType = sourcecode.c.h; path = ASDetailNameAndPrice.h; sourceTree = "<group>"; };
		6C81C6721BD6D5AB00E4FE40 /* ASDetailNameAndPrice.m */ = {isa = PBXFileReference; fileEncoding = 4; lastKnownFileType = sourcecode.c.objc; path = ASDetailNameAndPrice.m; sourceTree = "<group>"; };
		6C81C6741BD6D7E000E4FE40 /* ASDetailDescription.h */ = {isa = PBXFileReference; fileEncoding = 4; lastKnownFileType = sourcecode.c.h; path = ASDetailDescription.h; sourceTree = "<group>"; };
		6C81C6751BD6D7E000E4FE40 /* ASDetailDescription.m */ = {isa = PBXFileReference; fileEncoding = 4; lastKnownFileType = sourcecode.c.objc; path = ASDetailDescription.m; sourceTree = "<group>"; };
		6C81C6791BD6DC0E00E4FE40 /* ASDetailPageCell.h */ = {isa = PBXFileReference; fileEncoding = 4; lastKnownFileType = sourcecode.c.h; path = ASDetailPageCell.h; sourceTree = "<group>"; };
		6C81C67A1BD6DC0E00E4FE40 /* ASDetailPageCell.m */ = {isa = PBXFileReference; fileEncoding = 4; lastKnownFileType = sourcecode.c.objc; path = ASDetailPageCell.m; sourceTree = "<group>"; };
		6CA2F16F1BD507090022F26B /* ExampleCodeFromTT.app */ = {isa = PBXFileReference; explicitFileType = wrapper.application; includeInIndex = 0; path = ExampleCodeFromTT.app; sourceTree = BUILT_PRODUCTS_DIR; };
		6CA2F1731BD507090022F26B /* Info.plist */ = {isa = PBXFileReference; lastKnownFileType = text.plist.xml; path = Info.plist; sourceTree = "<group>"; };
		6CA2F1741BD507090022F26B /* main.m */ = {isa = PBXFileReference; lastKnownFileType = sourcecode.c.objc; path = main.m; sourceTree = "<group>"; };
		6CA2F1761BD507090022F26B /* AppDelegate.h */ = {isa = PBXFileReference; lastKnownFileType = sourcecode.c.h; path = AppDelegate.h; sourceTree = "<group>"; };
		6CA2F1771BD507090022F26B /* AppDelegate.m */ = {isa = PBXFileReference; lastKnownFileType = sourcecode.c.objc; path = AppDelegate.m; sourceTree = "<group>"; };
		6CA2F17A1BD507090022F26B /* ExampleCodeFromTT.xcdatamodel */ = {isa = PBXFileReference; lastKnownFileType = wrapper.xcdatamodel; path = ExampleCodeFromTT.xcdatamodel; sourceTree = "<group>"; };
		6CA2F1801BD507090022F26B /* Base */ = {isa = PBXFileReference; lastKnownFileType = file.storyboard; name = Base; path = Base.lproj/Main.storyboard; sourceTree = "<group>"; };
		6CA2F1821BD507090022F26B /* Images.xcassets */ = {isa = PBXFileReference; lastKnownFileType = folder.assetcatalog; path = Images.xcassets; sourceTree = "<group>"; };
		6CA2F1851BD507090022F26B /* Base */ = {isa = PBXFileReference; lastKnownFileType = file.xib; name = Base; path = Base.lproj/LaunchScreen.xib; sourceTree = "<group>"; };
		6CA2F18B1BD507090022F26B /* ExampleCodeFromTTTests.xctest */ = {isa = PBXFileReference; explicitFileType = wrapper.cfbundle; includeInIndex = 0; path = ExampleCodeFromTTTests.xctest; sourceTree = BUILT_PRODUCTS_DIR; };
		6CA2F1901BD507090022F26B /* Info.plist */ = {isa = PBXFileReference; lastKnownFileType = text.plist.xml; path = Info.plist; sourceTree = "<group>"; };
		6CA2F1911BD507090022F26B /* ExampleCodeFromTTTests.m */ = {isa = PBXFileReference; lastKnownFileType = sourcecode.c.objc; path = ExampleCodeFromTTTests.m; sourceTree = "<group>"; };
		6CA2F19B1BD5076A0022F26B /* dataList.plist */ = {isa = PBXFileReference; fileEncoding = 4; lastKnownFileType = text.plist.xml; path = dataList.plist; sourceTree = "<group>"; };
		6CA2F19E1BD50B210022F26B /* ASProduct.h */ = {isa = PBXFileReference; fileEncoding = 4; lastKnownFileType = sourcecode.c.h; path = ASProduct.h; sourceTree = "<group>"; };
		6CA2F19F1BD50B210022F26B /* ASProduct.m */ = {isa = PBXFileReference; fileEncoding = 4; lastKnownFileType = sourcecode.c.objc; path = ASProduct.m; sourceTree = "<group>"; };
		6CA2F1A11BD529780022F26B /* ASBuyProductTVC.h */ = {isa = PBXFileReference; fileEncoding = 4; lastKnownFileType = sourcecode.c.h; path = ASBuyProductTVC.h; sourceTree = "<group>"; };
		6CA2F1A21BD529780022F26B /* ASBuyProductTVC.m */ = {isa = PBXFileReference; fileEncoding = 4; lastKnownFileType = sourcecode.c.objc; path = ASBuyProductTVC.m; sourceTree = "<group>"; };
		6CA2F1A41BD54ACA0022F26B /* ASBuyProductCell.h */ = {isa = PBXFileReference; fileEncoding = 4; lastKnownFileType = sourcecode.c.h; path = ASBuyProductCell.h; sourceTree = "<group>"; };
		6CA2F1A51BD54ACA0022F26B /* ASBuyProductCell.m */ = {isa = PBXFileReference; fileEncoding = 4; lastKnownFileType = sourcecode.c.objc; path = ASBuyProductCell.m; sourceTree = "<group>"; };
		6CA2F1A91BD584EA0022F26B /* ASDetailProductTVC.h */ = {isa = PBXFileReference; fileEncoding = 4; lastKnownFileType = sourcecode.c.h; path = ASDetailProductTVC.h; sourceTree = "<group>"; };
		6CA2F1AA1BD584EA0022F26B /* ASDetailProductTVC.m */ = {isa = PBXFileReference; fileEncoding = 4; lastKnownFileType = sourcecode.c.objc; path = ASDetailProductTVC.m; sourceTree = "<group>"; };
/* End PBXFileReference section */

/* Begin PBXFrameworksBuildPhase section */
		6CA2F16C1BD507090022F26B /* Frameworks */ = {
			isa = PBXFrameworksBuildPhase;
			buildActionMask = 2147483647;
			files = (
			);
			runOnlyForDeploymentPostprocessing = 0;
		};
		6CA2F1881BD507090022F26B /* Frameworks */ = {
			isa = PBXFrameworksBuildPhase;
			buildActionMask = 2147483647;
			files = (
			);
			runOnlyForDeploymentPostprocessing = 0;
		};
/* End PBXFrameworksBuildPhase section */

/* Begin PBXGroup section */
		6C81C6771BD6DB9200E4FE40 /* Cell For BuyProductTVC */ = {
			isa = PBXGroup;
			children = (
				6CA2F1A41BD54ACA0022F26B /* ASBuyProductCell.h */,
				6CA2F1A51BD54ACA0022F26B /* ASBuyProductCell.m */,
			);
			name = "Cell For BuyProductTVC";
			sourceTree = "<group>";
		};
		6C81C6781BD6DBBE00E4FE40 /* Cell For DetailProductTVC */ = {
			isa = PBXGroup;
			children = (
				6C81C6711BD6D5AB00E4FE40 /* ASDetailNameAndPrice.h */,
				6C81C6721BD6D5AB00E4FE40 /* ASDetailNameAndPrice.m */,
				6C81C6741BD6D7E000E4FE40 /* ASDetailDescription.h */,
				6C81C6751BD6D7E000E4FE40 /* ASDetailDescription.m */,
				6C81C6791BD6DC0E00E4FE40 /* ASDetailPageCell.h */,
				6C81C67A1BD6DC0E00E4FE40 /* ASDetailPageCell.m */,
			);
			name = "Cell For DetailProductTVC";
			sourceTree = "<group>";
		};
		6CA2F1661BD507090022F26B = {
			isa = PBXGroup;
			children = (
				6CA2F1711BD507090022F26B /* ExampleCodeFromTT */,
				6CA2F18E1BD507090022F26B /* ExampleCodeFromTTTests */,
				6CA2F1701BD507090022F26B /* Products */,
			);
			sourceTree = "<group>";
		};
		6CA2F1701BD507090022F26B /* Products */ = {
			isa = PBXGroup;
			children = (
				6CA2F16F1BD507090022F26B /* ExampleCodeFromTT.app */,
				6CA2F18B1BD507090022F26B /* ExampleCodeFromTTTests.xctest */,
			);
			name = Products;
			sourceTree = "<group>";
		};
		6CA2F1711BD507090022F26B /* ExampleCodeFromTT */ = {
			isa = PBXGroup;
			children = (
				6CA2F1761BD507090022F26B /* AppDelegate.h */,
				6CA2F1771BD507090022F26B /* AppDelegate.m */,
				6CA2F1A11BD529780022F26B /* ASBuyProductTVC.h */,
				6CA2F1A21BD529780022F26B /* ASBuyProductTVC.m */,
				6CA2F1A91BD584EA0022F26B /* ASDetailProductTVC.h */,
				6CA2F1AA1BD584EA0022F26B /* ASDetailProductTVC.m */,
				6C2560AB1BD6B0CF00E38323 /* ASTestVC.h */,
				6C2560AC1BD6B0CF00E38323 /* ASTestVC.m */,
				6CA2F17F1BD507090022F26B /* Main.storyboard */,
				6CA2F19B1BD5076A0022F26B /* dataList.plist */,
				6CA2F1A71BD54AD40022F26B /* Custom Cell */,
				6CA2F19D1BD5097A0022F26B /* Model */,
				6CA2F1821BD507090022F26B /* Images.xcassets */,
				6CA2F1841BD507090022F26B /* LaunchScreen.xib */,
				6CA2F1791BD507090022F26B /* ExampleCodeFromTT.xcdatamodeld */,
				6CA2F1721BD507090022F26B /* Supporting Files */,
			);
			path = ExampleCodeFromTT;
			sourceTree = "<group>";
		};
		6CA2F1721BD507090022F26B /* Supporting Files */ = {
			isa = PBXGroup;
			children = (
				6CA2F1731BD507090022F26B /* Info.plist */,
				6CA2F1741BD507090022F26B /* main.m */,
			);
			name = "Supporting Files";
			sourceTree = "<group>";
		};
		6CA2F18E1BD507090022F26B /* ExampleCodeFromTTTests */ = {
			isa = PBXGroup;
			children = (
				6CA2F1911BD507090022F26B /* ExampleCodeFromTTTests.m */,
				6CA2F18F1BD507090022F26B /* Supporting Files */,
			);
			path = ExampleCodeFromTTTests;
			sourceTree = "<group>";
		};
		6CA2F18F1BD507090022F26B /* Supporting Files */ = {
			isa = PBXGroup;
			children = (
				6CA2F1901BD507090022F26B /* Info.plist */,
			);
			name = "Supporting Files";
			sourceTree = "<group>";
		};
		6CA2F19D1BD5097A0022F26B /* Model */ = {
			isa = PBXGroup;
			children = (
				6CA2F19E1BD50B210022F26B /* ASProduct.h */,
				6CA2F19F1BD50B210022F26B /* ASProduct.m */,
			);
			name = Model;
			sourceTree = "<group>";
		};
		6CA2F1A71BD54AD40022F26B /* Custom Cell */ = {
			isa = PBXGroup;
			children = (
				6C81C6771BD6DB9200E4FE40 /* Cell For BuyProductTVC */,
				6C81C6781BD6DBBE00E4FE40 /* Cell For DetailProductTVC */,
			);
			name = "Custom Cell";
			sourceTree = "<group>";
		};
/* End PBXGroup section */

/* Begin PBXNativeTarget section */
		6CA2F16E1BD507090022F26B /* ExampleCodeFromTT */ = {
			isa = PBXNativeTarget;
			buildConfigurationList = 6CA2F1951BD507090022F26B /* Build configuration list for PBXNativeTarget "ExampleCodeFromTT" */;
			buildPhases = (
				6CA2F16B1BD507090022F26B /* Sources */,
				6CA2F16C1BD507090022F26B /* Frameworks */,
				6CA2F16D1BD507090022F26B /* Resources */,
			);
			buildRules = (
			);
			dependencies = (
			);
			name = ExampleCodeFromTT;
			productName = ExampleCodeFromTT;
			productReference = 6CA2F16F1BD507090022F26B /* ExampleCodeFromTT.app */;
			productType = "com.apple.product-type.application";
		};
		6CA2F18A1BD507090022F26B /* ExampleCodeFromTTTests */ = {
			isa = PBXNativeTarget;
			buildConfigurationList = 6CA2F1981BD507090022F26B /* Build configuration list for PBXNativeTarget "ExampleCodeFromTTTests" */;
			buildPhases = (
				6CA2F1871BD507090022F26B /* Sources */,
				6CA2F1881BD507090022F26B /* Frameworks */,
				6CA2F1891BD507090022F26B /* Resources */,
			);
			buildRules = (
			);
			dependencies = (
				6CA2F18D1BD507090022F26B /* PBXTargetDependency */,
			);
			name = ExampleCodeFromTTTests;
			productName = ExampleCodeFromTTTests;
			productReference = 6CA2F18B1BD507090022F26B /* ExampleCodeFromTTTests.xctest */;
			productType = "com.apple.product-type.bundle.unit-test";
		};
/* End PBXNativeTarget section */

/* Begin PBXProject section */
		6CA2F1671BD507090022F26B /* Project object */ = {
			isa = PBXProject;
			attributes = {
				LastUpgradeCheck = 0640;
				ORGANIZATIONNAME = MD;
				TargetAttributes = {
					6CA2F16E1BD507090022F26B = {
						CreatedOnToolsVersion = 6.4;
					};
					6CA2F18A1BD507090022F26B = {
						CreatedOnToolsVersion = 6.4;
						TestTargetID = 6CA2F16E1BD507090022F26B;
					};
				};
			};
			buildConfigurationList = 6CA2F16A1BD507090022F26B /* Build configuration list for PBXProject "ExampleCodeFromTT" */;
			compatibilityVersion = "Xcode 3.2";
			developmentRegion = English;
			hasScannedForEncodings = 0;
			knownRegions = (
				en,
				Base,
			);
			mainGroup = 6CA2F1661BD507090022F26B;
			productRefGroup = 6CA2F1701BD507090022F26B /* Products */;
			projectDirPath = "";
			projectRoot = "";
			targets = (
				6CA2F16E1BD507090022F26B /* ExampleCodeFromTT */,
				6CA2F18A1BD507090022F26B /* ExampleCodeFromTTTests */,
			);
		};
/* End PBXProject section */

/* Begin PBXResourcesBuildPhase section */
		6CA2F16D1BD507090022F26B /* Resources */ = {
			isa = PBXResourcesBuildPhase;
			buildActionMask = 2147483647;
			files = (
				6CA2F1811BD507090022F26B /* Main.storyboard in Resources */,
				6CA2F1861BD507090022F26B /* LaunchScreen.xib in Resources */,
				6CA2F19C1BD5076A0022F26B /* dataList.plist in Resources */,
				6CA2F1831BD507090022F26B /* Images.xcassets in Resources */,
			);
			runOnlyForDeploymentPostprocessing = 0;
		};
		6CA2F1891BD507090022F26B /* Resources */ = {
			isa = PBXResourcesBuildPhase;
			buildActionMask = 2147483647;
			files = (
			);
			runOnlyForDeploymentPostprocessing = 0;
		};
/* End PBXResourcesBuildPhase section */

/* Begin PBXSourcesBuildPhase section */
		6CA2F16B1BD507090022F26B /* Sources */ = {
			isa = PBXSourcesBuildPhase;
			buildActionMask = 2147483647;
			files = (
				6CA2F1A61BD54ACA0022F26B /* ASBuyProductCell.m in Sources */,
				6CA2F1781BD507090022F26B /* AppDelegate.m in Sources */,
				6CA2F1A01BD50B210022F26B /* ASProduct.m in Sources */,
				6CA2F17B1BD507090022F26B /* ExampleCodeFromTT.xcdatamodeld in Sources */,
				6CA2F1751BD507090022F26B /* main.m in Sources */,
				6CA2F1AB1BD584EA0022F26B /* ASDetailProductTVC.m in Sources */,
				6C81C6731BD6D5AB00E4FE40 /* ASDetailNameAndPrice.m in Sources */,
				6C2560AD1BD6B0CF00E38323 /* ASTestVC.m in Sources */,
				6CA2F1A31BD529780022F26B /* ASBuyProductTVC.m in Sources */,
				6C81C6761BD6D7E000E4FE40 /* ASDetailDescription.m in Sources */,
				6C81C67B1BD6DC0E00E4FE40 /* ASDetailPageCell.m in Sources */,
			);
			runOnlyForDeploymentPostprocessing = 0;
		};
		6CA2F1871BD507090022F26B /* Sources */ = {
			isa = PBXSourcesBuildPhase;
			buildActionMask = 2147483647;
			files = (
				6CA2F1921BD507090022F26B /* ExampleCodeFromTTTests.m in Sources */,
			);
			runOnlyForDeploymentPostprocessing = 0;
		};
/* End PBXSourcesBuildPhase section */

/* Begin PBXTargetDependency section */
		6CA2F18D1BD507090022F26B /* PBXTargetDependency */ = {
			isa = PBXTargetDependency;
			target = 6CA2F16E1BD507090022F26B /* ExampleCodeFromTT */;
			targetProxy = 6CA2F18C1BD507090022F26B /* PBXContainerItemProxy */;
		};
/* End PBXTargetDependency section */

/* Begin PBXVariantGroup section */
		6CA2F17F1BD507090022F26B /* Main.storyboard */ = {
			isa = PBXVariantGroup;
			children = (
				6CA2F1801BD507090022F26B /* Base */,
			);
			name = Main.storyboard;
			sourceTree = "<group>";
		};
		6CA2F1841BD507090022F26B /* LaunchScreen.xib */ = {
			isa = PBXVariantGroup;
			children = (
				6CA2F1851BD507090022F26B /* Base */,
			);
			name = LaunchScreen.xib;
			sourceTree = "<group>";
		};
/* End PBXVariantGroup section */

/* Begin XCBuildConfiguration section */
		6CA2F1931BD507090022F26B /* Debug */ = {
			isa = XCBuildConfiguration;
			buildSettings = {
				ALWAYS_SEARCH_USER_PATHS = NO;
				CLANG_CXX_LANGUAGE_STANDARD = "gnu++0x";
				CLANG_CXX_LIBRARY = "libc++";
				CLANG_ENABLE_MODULES = YES;
				CLANG_ENABLE_OBJC_ARC = YES;
				CLANG_WARN_BOOL_CONVERSION = YES;
				CLANG_WARN_CONSTANT_CONVERSION = YES;
				CLANG_WARN_DIRECT_OBJC_ISA_USAGE = YES_ERROR;
				CLANG_WARN_EMPTY_BODY = YES;
				CLANG_WARN_ENUM_CONVERSION = YES;
				CLANG_WARN_INT_CONVERSION = YES;
				CLANG_WARN_OBJC_ROOT_CLASS = YES_ERROR;
				CLANG_WARN_UNREACHABLE_CODE = YES;
				CLANG_WARN__DUPLICATE_METHOD_MATCH = YES;
				"CODE_SIGN_IDENTITY[sdk=iphoneos*]" = "iPhone Developer";
				COPY_PHASE_STRIP = NO;
				DEBUG_INFORMATION_FORMAT = "dwarf-with-dsym";
				ENABLE_STRICT_OBJC_MSGSEND = YES;
				GCC_C_LANGUAGE_STANDARD = gnu99;
				GCC_DYNAMIC_NO_PIC = NO;
				GCC_NO_COMMON_BLOCKS = YES;
				GCC_OPTIMIZATION_LEVEL = 0;
				GCC_PREPROCESSOR_DEFINITIONS = (
					"DEBUG=1",
					"$(inherited)",
				);
				GCC_SYMBOLS_PRIVATE_EXTERN = NO;
				GCC_WARN_64_TO_32_BIT_CONVERSION = YES;
				GCC_WARN_ABOUT_RETURN_TYPE = YES_ERROR;
				GCC_WARN_UNDECLARED_SELECTOR = YES;
				GCC_WARN_UNINITIALIZED_AUTOS = YES_AGGRESSIVE;
				GCC_WARN_UNUSED_FUNCTION = YES;
				GCC_WARN_UNUSED_VARIABLE = YES;
				IPHONEOS_DEPLOYMENT_TARGET = 8.4;
				MTL_ENABLE_DEBUG_INFO = YES;
				ONLY_ACTIVE_ARCH = YES;
				SDKROOT = iphoneos;
				TARGETED_DEVICE_FAMILY = "1,2";
			};
			name = Debug;
		};
		6CA2F1941BD507090022F26B /* Release */ = {
			isa = XCBuildConfiguration;
			buildSettings = {
				ALWAYS_SEARCH_USER_PATHS = NO;
				CLANG_CXX_LANGUAGE_STANDARD = "gnu++0x";
				CLANG_CXX_LIBRARY = "libc++";
				CLANG_ENABLE_MODULES = YES;
				CLANG_ENABLE_OBJC_ARC = YES;
				CLANG_WARN_BOOL_CONVERSION = YES;
				CLANG_WARN_CONSTANT_CONVERSION = YES;
				CLANG_WARN_DIRECT_OBJC_ISA_USAGE = YES_ERROR;
				CLANG_WARN_EMPTY_BODY = YES;
				CLANG_WARN_ENUM_CONVERSION = YES;
				CLANG_WARN_INT_CONVERSION = YES;
				CLANG_WARN_OBJC_ROOT_CLASS = YES_ERROR;
				CLANG_WARN_UNREACHABLE_CODE = YES;
				CLANG_WARN__DUPLICATE_METHOD_MATCH = YES;
				"CODE_SIGN_IDENTITY[sdk=iphoneos*]" = "iPhone Developer";
				COPY_PHASE_STRIP = NO;
				DEBUG_INFORMATION_FORMAT = "dwarf-with-dsym";
				ENABLE_NS_ASSERTIONS = NO;
				ENABLE_STRICT_OBJC_MSGSEND = YES;
				GCC_C_LANGUAGE_STANDARD = gnu99;
				GCC_NO_COMMON_BLOCKS = YES;
				GCC_WARN_64_TO_32_BIT_CONVERSION = YES;
				GCC_WARN_ABOUT_RETURN_TYPE = YES_ERROR;
				GCC_WARN_UNDECLARED_SELECTOR = YES;
				GCC_WARN_UNINITIALIZED_AUTOS = YES_AGGRESSIVE;
				GCC_WARN_UNUSED_FUNCTION = YES;
				GCC_WARN_UNUSED_VARIABLE = YES;
				IPHONEOS_DEPLOYMENT_TARGET = 8.4;
				MTL_ENABLE_DEBUG_INFO = NO;
				SDKROOT = iphoneos;
				TARGETED_DEVICE_FAMILY = "1,2";
				VALIDATE_PRODUCT = YES;
			};
			name = Release;
		};
		6CA2F1961BD507090022F26B /* Debug */ = {
			isa = XCBuildConfiguration;
			buildSettings = {
				ASSETCATALOG_COMPILER_APPICON_NAME = AppIcon;
				INFOPLIST_FILE = ExampleCodeFromTT/Info.plist;
				LD_RUNPATH_SEARCH_PATHS = "$(inherited) @executable_path/Frameworks";
				PRODUCT_NAME = "$(TARGET_NAME)";
			};
			name = Debug;
		};
		6CA2F1971BD507090022F26B /* Release */ = {
			isa = XCBuildConfiguration;
			buildSettings = {
				ASSETCATALOG_COMPILER_APPICON_NAME = AppIcon;
				INFOPLIST_FILE = ExampleCodeFromTT/Info.plist;
				LD_RUNPATH_SEARCH_PATHS = "$(inherited) @executable_path/Frameworks";
				PRODUCT_NAME = "$(TARGET_NAME)";
			};
			name = Release;
		};
		6CA2F1991BD507090022F26B /* Debug */ = {
			isa = XCBuildConfiguration;
			buildSettings = {
				BUNDLE_LOADER = "$(TEST_HOST)";
				FRAMEWORK_SEARCH_PATHS = (
					"$(SDKROOT)/Developer/Library/Frameworks",
					"$(inherited)",
				);
				GCC_PREPROCESSOR_DEFINITIONS = (
					"DEBUG=1",
					"$(inherited)",
				);
				INFOPLIST_FILE = ExampleCodeFromTTTests/Info.plist;
				LD_RUNPATH_SEARCH_PATHS = "$(inherited) @executable_path/Frameworks @loader_path/Frameworks";
				PRODUCT_NAME = "$(TARGET_NAME)";
				TEST_HOST = "$(BUILT_PRODUCTS_DIR)/ExampleCodeFromTT.app/ExampleCodeFromTT";
			};
			name = Debug;
		};
		6CA2F19A1BD507090022F26B /* Release */ = {
			isa = XCBuildConfiguration;
			buildSettings = {
				BUNDLE_LOADER = "$(TEST_HOST)";
				FRAMEWORK_SEARCH_PATHS = (
					"$(SDKROOT)/Developer/Library/Frameworks",
					"$(inherited)",
				);
				INFOPLIST_FILE = ExampleCodeFromTTTests/Info.plist;
				LD_RUNPATH_SEARCH_PATHS = "$(inherited) @executable_path/Frameworks @loader_path/Frameworks";
				PRODUCT_NAME = "$(TARGET_NAME)";
				TEST_HOST = "$(BUILT_PRODUCTS_DIR)/ExampleCodeFromTT.app/ExampleCodeFromTT";
			};
			name = Release;
		};
/* End XCBuildConfiguration section */

/* Begin XCConfigurationList section */
		6CA2F16A1BD507090022F26B /* Build configuration list for PBXProject "ExampleCodeFromTT" */ = {
			isa = XCConfigurationList;
			buildConfigurations = (
				6CA2F1931BD507090022F26B /* Debug */,
				6CA2F1941BD507090022F26B /* Release */,
			);
			defaultConfigurationIsVisible = 0;
			defaultConfigurationName = Release;
		};
		6CA2F1951BD507090022F26B /* Build configuration list for PBXNativeTarget "ExampleCodeFromTT" */ = {
			isa = XCConfigurationList;
			buildConfigurations = (
				6CA2F1961BD507090022F26B /* Debug */,
				6CA2F1971BD507090022F26B /* Release */,
			);
			defaultConfigurationIsVisible = 0;
			defaultConfigurationName = Release;
		};
		6CA2F1981BD507090022F26B /* Build configuration list for PBXNativeTarget "ExampleCodeFromTTTests" */ = {
			isa = XCConfigurationList;
			buildConfigurations = (
				6CA2F1991BD507090022F26B /* Debug */,
				6CA2F19A1BD507090022F26B /* Release */,
			);
			defaultConfigurationIsVisible = 0;
			defaultConfigurationName = Release;
		};
/* End XCConfigurationList section */

/* Begin XCVersionGroup section */
		6CA2F1791BD507090022F26B /* ExampleCodeFromTT.xcdatamodeld */ = {
			isa = XCVersionGroup;
			children = (
				6CA2F17A1BD507090022F26B /* ExampleCodeFromTT.xcdatamodel */,
			);
			currentVersion = 6CA2F17A1BD507090022F26B /* ExampleCodeFromTT.xcdatamodel */;
			path = ExampleCodeFromTT.xcdatamodeld;
			sourceTree = "<group>";
			versionGroupType = wrapper.xcdatamodel;
		};
/* End XCVersionGroup section */
	};
	rootObject = 6CA2F1671BD507090022F26B /* Project object */;
}
